
Microsoft Visual Studio Solution File, Format Version 12.00
Project("{FAE04EC0-301F-11D3-BF4B-00C04F79EFBC}") = "Sales", "Sales\Sales.csproj", "{DE681A9D-F33D-4A39-BC70-EFB960F20B18}"
EndProject
Project("{FAE04EC0-301F-11D3-BF4B-00C04F79EFBC}") = "Billing", "Billing\Billing.csproj", "{595FA74E-257E-4936-A0A1-160FDB53F7BD}"
EndProject
Project("{FAE04EC0-301F-11D3-BF4B-00C04F79EFBC}") = "Shipping", "Shipping\Shipping.csproj", "{9C9A25AB-469E-4631-9596-3C2A903317C0}"
EndProject
Project("{FAE04EC0-301F-11D3-BF4B-00C04F79EFBC}") = "Sales.Messages", "Sales.Messages\Sales.Messages.csproj", "{91DDCF0E-7504-4F31-9B77-D08E91E3E2AC}"
EndProject
Project("{FAE04EC0-301F-11D3-BF4B-00C04F79EFBC}") = "Billing.Messages", "Billing.Messages\Billing.Messages.csproj", "{B327F7A6-39AE-4FB6-A11A-D21F06571870}"
EndProject
Project("{FAE04EC0-301F-11D3-BF4B-00C04F79EFBC}") = "Shared", "Shared\Shared.csproj", "{4D843589-DDA3-49A4-8251-3EE0C964AB09}"
EndProject
Project("{FAE04EC0-301F-11D3-BF4B-00C04F79EFBC}") = "ClientUI", "ClientUI\ClientUI.csproj", "{CF74A914-3EF5-4AB2-B8F7-C272EB6C1BB8}"
EndProject
Project("{FAE04EC0-301F-11D3-BF4B-00C04F79EFBC}") = "Platform", "Platform\Platform.csproj", "{C185281D-BC35-43FD-B351-2EAFAD71ED70}"
EndProject
Global
	GlobalSection(SolutionConfigurationPlatforms) = preSolution
		Debug|Any CPU = Debug|Any CPU
		Release|Any CPU = Release|Any CPU
	EndGlobalSection
	GlobalSection(ProjectConfigurationPlatforms) = postSolution
		{DE681A9D-F33D-4A39-BC70-EFB960F20B18}.Debug|Any CPU.ActiveCfg = Debug|Any CPU
		{DE681A9D-F33D-4A39-BC70-EFB960F20B18}.Debug|Any CPU.Build.0 = Debug|Any CPU
		{DE681A9D-F33D-4A39-BC70-EFB960F20B18}.Release|Any CPU.ActiveCfg = Release|Any CPU
		{DE681A9D-F33D-4A39-BC70-EFB960F20B18}.Release|Any CPU.Build.0 = Release|Any CPU
		{595FA74E-257E-4936-A0A1-160FDB53F7BD}.Debug|Any CPU.ActiveCfg = Debug|Any CPU
		{595FA74E-257E-4936-A0A1-160FDB53F7BD}.Debug|Any CPU.Build.0 = Debug|Any CPU
		{595FA74E-257E-4936-A0A1-160FDB53F7BD}.Release|Any CPU.ActiveCfg = Release|Any CPU
		{595FA74E-257E-4936-A0A1-160FDB53F7BD}.Release|Any CPU.Build.0 = Release|Any CPU
		{9C9A25AB-469E-4631-9596-3C2A903317C0}.Debug|Any CPU.ActiveCfg = Debug|Any CPU
		{9C9A25AB-469E-4631-9596-3C2A903317C0}.Debug|Any CPU.Build.0 = Debug|Any CPU
		{9C9A25AB-469E-4631-9596-3C2A903317C0}.Release|Any CPU.ActiveCfg = Release|Any CPU
		{9C9A25AB-469E-4631-9596-3C2A903317C0}.Release|Any CPU.Build.0 = Release|Any CPU
		{91DDCF0E-7504-4F31-9B77-D08E91E3E2AC}.Debug|Any CPU.ActiveCfg = Debug|Any CPU
		{91DDCF0E-7504-4F31-9B77-D08E91E3E2AC}.Debug|Any CPU.Build.0 = Debug|Any CPU
		{91DDCF0E-7504-4F31-9B77-D08E91E3E2AC}.Release|Any CPU.ActiveCfg = Release|Any CPU
		{91DDCF0E-7504-4F31-9B77-D08E91E3E2AC}.Release|Any CPU.Build.0 = Release|Any CPU
		{B327F7A6-39AE-4FB6-A11A-D21F06571870}.Debug|Any CPU.ActiveCfg = Debug|Any CPU
		{B327F7A6-39AE-4FB6-A11A-D21F06571870}.Debug|Any CPU.Build.0 = Debug|Any CPU
		{B327F7A6-39AE-4FB6-A11A-D21F06571870}.Release|Any CPU.ActiveCfg = Release|Any CPU
		{B327F7A6-39AE-4FB6-A11A-D21F06571870}.Release|Any CPU.Build.0 = Release|Any CPU
		{4D843589-DDA3-49A4-8251-3EE0C964AB09}.Debug|Any CPU.ActiveCfg = Debug|Any CPU
		{4D843589-DDA3-49A4-8251-3EE0C964AB09}.Debug|Any CPU.Build.0 = Debug|Any CPU
		{4D843589-DDA3-49A4-8251-3EE0C964AB09}.Release|Any CPU.ActiveCfg = Release|Any CPU
		{4D843589-DDA3-49A4-8251-3EE0C964AB09}.Release|Any CPU.Build.0 = Release|Any CPU
		{CF74A914-3EF5-4AB2-B8F7-C272EB6C1BB8}.Debug|Any CPU.ActiveCfg = Debug|Any CPU
		{CF74A914-3EF5-4AB2-B8F7-C272EB6C1BB8}.Debug|Any CPU.Build.0 = Debug|Any CPU
		{CF74A914-3EF5-4AB2-B8F7-C272EB6C1BB8}.Release|Any CPU.ActiveCfg = Release|Any CPU
		{CF74A914-3EF5-4AB2-B8F7-C272EB6C1BB8}.Release|Any CPU.Build.0 = Release|Any CPU
		{C185281D-BC35-43FD-B351-2EAFAD71ED70}.Debug|Any CPU.ActiveCfg = Debug|Any CPU
		{C185281D-BC35-43FD-B351-2EAFAD71ED70}.Debug|Any CPU.Build.0 = Debug|Any CPU
		{C185281D-BC35-43FD-B351-2EAFAD71ED70}.Release|Any CPU.ActiveCfg = Release|Any CPU
		{C185281D-BC35-43FD-B351-2EAFAD71ED70}.Release|Any CPU.Build.0 = Release|Any CPU
	EndGlobalSection
EndGlobal
